
Microsoft Visual Studio Solution File, Format Version 12.00
# Visual Studio Version 16
VisualStudioVersion = 16.0.31205.134
MinimumVisualStudioVersion = 10.0.40219.1
Project("{FAE04EC0-301F-11D3-BF4B-00C04F79EFBC}") = "BusinessTotals", "BusinessTotals\BusinessTotals.csproj", "{F53549A7-584F-4B77-BEFD-5F45758F1E62}"
EndProject
Global
	GlobalSection(SolutionConfigurationPlatforms) = preSolution
		Debug|Any CPU = Debug|Any CPU
		Release|Any CPU = Release|Any CPU
	EndGlobalSection
	GlobalSection(ProjectConfigurationPlatforms) = postSolution
		{F53549A7-584F-4B77-BEFD-5F45758F1E62}.Debug|Any CPU.ActiveCfg = Debug|Any CPU
		{F53549A7-584F-4B77-BEFD-5F45758F1E62}.Debug|Any CPU.Build.0 = Debug|Any CPU
		{F53549A7-584F-4B77-BEFD-5F45758F1E62}.Release|Any CPU.ActiveCfg = Release|Any CPU
		{F53549A7-584F-4B77-BEFD-5F45758F1E62}.Release|Any CPU.Build.0 = Release|Any CPU
	EndGlobalSection
	GlobalSection(SolutionProperties) = preSolution
		HideSolutionNode = FALSE
	EndGlobalSection
	GlobalSection(ExtensibilityGlobals) = postSolution
		SolutionGuid = {08347B17-2DBE-47A9-A4FD-357C42B798FA}
	EndGlobalSection
EndGlobal
